// !$*UTF8*$!
{
	archiveVersion = 1;
	classes = {
	};
	objectVersion = 50;
	objects = {

/* Begin PBXBuildFile section */
		6608442B228C85080033EDD7 /* ApiClient.swift in Sources */ = {isa = PBXBuildFile; fileRef = 6608442A228C85080033EDD7 /* ApiClient.swift */; };
		6608442D228C86EA0033EDD7 /* GithubUsersApiHandler.swift in Sources */ = {isa = PBXBuildFile; fileRef = 6608442C228C86EA0033EDD7 /* GithubUsersApiHandler.swift */; };
		6608442F228C88930033EDD7 /* ApiHandler.swift in Sources */ = {isa = PBXBuildFile; fileRef = 6608442E228C88930033EDD7 /* ApiHandler.swift */; };
		66084431228C91610033EDD7 /* GithubUsersService.swift in Sources */ = {isa = PBXBuildFile; fileRef = 66084430228C91610033EDD7 /* GithubUsersService.swift */; };
		66084436228C97D30033EDD7 /* GithubUsersApiHandlerTests.swift in Sources */ = {isa = PBXBuildFile; fileRef = 66084435228C97D30033EDD7 /* GithubUsersApiHandlerTests.swift */; };
		66084437228C97D90033EDD7 /* GithubUsersApiHandler.swift in Sources */ = {isa = PBXBuildFile; fileRef = 6608442C228C86EA0033EDD7 /* GithubUsersApiHandler.swift */; };
		66084438228C97DD0033EDD7 /* GithubUsersService.swift in Sources */ = {isa = PBXBuildFile; fileRef = 66084430228C91610033EDD7 /* GithubUsersService.swift */; };
		66084439228C97E20033EDD7 /* ApiHandler.swift in Sources */ = {isa = PBXBuildFile; fileRef = 6608442E228C88930033EDD7 /* ApiHandler.swift */; };
		6608443A228C97E50033EDD7 /* ApiClient.swift in Sources */ = {isa = PBXBuildFile; fileRef = 6608442A228C85080033EDD7 /* ApiClient.swift */; };
		6608443C228C9A090033EDD7 /* TestHelper.swift in Sources */ = {isa = PBXBuildFile; fileRef = 6608443B228C9A090033EDD7 /* TestHelper.swift */; };
		6608443E228C9BDE0033EDD7 /* github_users_malformed.json in Resources */ = {isa = PBXBuildFile; fileRef = 6608443D228C9BDE0033EDD7 /* github_users_malformed.json */; };
		66084446228E017B0033EDD7 /* GithubUsersServiceIntegrationTests.swift in Sources */ = {isa = PBXBuildFile; fileRef = 66084445228E017B0033EDD7 /* GithubUsersServiceIntegrationTests.swift */; };
		6608444D228E01870033EDD7 /* GithubUsersApiHandler.swift in Sources */ = {isa = PBXBuildFile; fileRef = 6608442C228C86EA0033EDD7 /* GithubUsersApiHandler.swift */; };
		6608444E228E018B0033EDD7 /* GithubUsersService.swift in Sources */ = {isa = PBXBuildFile; fileRef = 66084430228C91610033EDD7 /* GithubUsersService.swift */; };
		6608444F228E018E0033EDD7 /* ApiHandler.swift in Sources */ = {isa = PBXBuildFile; fileRef = 6608442E228C88930033EDD7 /* ApiHandler.swift */; };
		66084450228E01910033EDD7 /* ApiClient.swift in Sources */ = {isa = PBXBuildFile; fileRef = 6608442A228C85080033EDD7 /* ApiClient.swift */; };
		66084451228E01990033EDD7 /* GithubUser.swift in Sources */ = {isa = PBXBuildFile; fileRef = 661A0302228B539400DE9273 /* GithubUser.swift */; };
		66084452228E019B0033EDD7 /* User.swift in Sources */ = {isa = PBXBuildFile; fileRef = 661A0300228B52E100DE9273 /* User.swift */; };
		66084453228E01A00033EDD7 /* DailyMotionUser.swift in Sources */ = {isa = PBXBuildFile; fileRef = 661A0304228B53E300DE9273 /* DailyMotionUser.swift */; };
		66084456228E045F0033EDD7 /* DailyMotionUsersApiHandler.swift in Sources */ = {isa = PBXBuildFile; fileRef = 66084455228E045F0033EDD7 /* DailyMotionUsersApiHandler.swift */; };
		66084457228E045F0033EDD7 /* DailyMotionUsersApiHandler.swift in Sources */ = {isa = PBXBuildFile; fileRef = 66084455228E045F0033EDD7 /* DailyMotionUsersApiHandler.swift */; };
		66084458228E045F0033EDD7 /* DailyMotionUsersApiHandler.swift in Sources */ = {isa = PBXBuildFile; fileRef = 66084455228E045F0033EDD7 /* DailyMotionUsersApiHandler.swift */; };
		6608445A228E04950033EDD7 /* DailyMotionUsersResponse.swift in Sources */ = {isa = PBXBuildFile; fileRef = 66084459228E04950033EDD7 /* DailyMotionUsersResponse.swift */; };
		6608445B228E04950033EDD7 /* DailyMotionUsersResponse.swift in Sources */ = {isa = PBXBuildFile; fileRef = 66084459228E04950033EDD7 /* DailyMotionUsersResponse.swift */; };
		6608445C228E04950033EDD7 /* DailyMotionUsersResponse.swift in Sources */ = {isa = PBXBuildFile; fileRef = 66084459228E04950033EDD7 /* DailyMotionUsersResponse.swift */; };
		6608445E228E09ED0033EDD7 /* DailyMotionUsersIntegrationTests.swift in Sources */ = {isa = PBXBuildFile; fileRef = 6608445D228E09ED0033EDD7 /* DailyMotionUsersIntegrationTests.swift */; };
		66084460228E0A1A0033EDD7 /* DailyMotionUsersService.swift in Sources */ = {isa = PBXBuildFile; fileRef = 6608445F228E0A1A0033EDD7 /* DailyMotionUsersService.swift */; };
		66084461228E0A1A0033EDD7 /* DailyMotionUsersService.swift in Sources */ = {isa = PBXBuildFile; fileRef = 6608445F228E0A1A0033EDD7 /* DailyMotionUsersService.swift */; };
		66084462228E0A1A0033EDD7 /* DailyMotionUsersService.swift in Sources */ = {isa = PBXBuildFile; fileRef = 6608445F228E0A1A0033EDD7 /* DailyMotionUsersService.swift */; };
		66084465228E0F8B0033EDD7 /* DailyMotionUsersApiHandlerTests.swift in Sources */ = {isa = PBXBuildFile; fileRef = 66084464228E0F8B0033EDD7 /* DailyMotionUsersApiHandlerTests.swift */; };
		66084467228FF1EA0033EDD7 /* DailyMotionResponseTests.swift in Sources */ = {isa = PBXBuildFile; fileRef = 66084466228FF1EA0033EDD7 /* DailyMotionResponseTests.swift */; };
		66084469228FF1FF0033EDD7 /* dailymotion_response.json in Resources */ = {isa = PBXBuildFile; fileRef = 66084468228FF1FF0033EDD7 /* dailymotion_response.json */; };
		6608446A228FF1FF0033EDD7 /* dailymotion_response.json in Resources */ = {isa = PBXBuildFile; fileRef = 66084468228FF1FF0033EDD7 /* dailymotion_response.json */; };
		6608446B228FF1FF0033EDD7 /* dailymotion_response.json in Resources */ = {isa = PBXBuildFile; fileRef = 66084468228FF1FF0033EDD7 /* dailymotion_response.json */; };
		6608446F228FF89D0033EDD7 /* UsersListPresenter.swift in Sources */ = {isa = PBXBuildFile; fileRef = 6608446E228FF89D0033EDD7 /* UsersListPresenter.swift */; };
		66084470228FF89D0033EDD7 /* UsersListPresenter.swift in Sources */ = {isa = PBXBuildFile; fileRef = 6608446E228FF89D0033EDD7 /* UsersListPresenter.swift */; };
		66084472228FF8AD0033EDD7 /* UsersListView.swift in Sources */ = {isa = PBXBuildFile; fileRef = 66084471228FF8AD0033EDD7 /* UsersListView.swift */; };
		66084473228FF8AD0033EDD7 /* UsersListView.swift in Sources */ = {isa = PBXBuildFile; fileRef = 66084471228FF8AD0033EDD7 /* UsersListView.swift */; };
		66084475228FF8ED0033EDD7 /* UsersListCollectionViewController.swift in Sources */ = {isa = PBXBuildFile; fileRef = 66084474228FF8ED0033EDD7 /* UsersListCollectionViewController.swift */; };
		66084478229008D70033EDD7 /* Coordinator.swift in Sources */ = {isa = PBXBuildFile; fileRef = 66084477229008D70033EDD7 /* Coordinator.swift */; };
		66084479229008D70033EDD7 /* Coordinator.swift in Sources */ = {isa = PBXBuildFile; fileRef = 66084477229008D70033EDD7 /* Coordinator.swift */; };
		6608447B229008E50033EDD7 /* ApplicationCoordinator.swift in Sources */ = {isa = PBXBuildFile; fileRef = 6608447A229008E50033EDD7 /* ApplicationCoordinator.swift */; };
		6608447C229008E50033EDD7 /* ApplicationCoordinator.swift in Sources */ = {isa = PBXBuildFile; fileRef = 6608447A229008E50033EDD7 /* ApplicationCoordinator.swift */; };
		6608447E229013290033EDD7 /* Default-568h@2x.png in Resources */ = {isa = PBXBuildFile; fileRef = 6608447D229013290033EDD7 /* Default-568h@2x.png */; };
		66084483229015F90033EDD7 /* UsersListCollectionViewController.storyboard in Resources */ = {isa = PBXBuildFile; fileRef = 66084482229015F90033EDD7 /* UsersListCollectionViewController.storyboard */; };
		66084484229015F90033EDD7 /* UsersListCollectionViewController.storyboard in Resources */ = {isa = PBXBuildFile; fileRef = 66084482229015F90033EDD7 /* UsersListCollectionViewController.storyboard */; };
		6608448522901D910033EDD7 /* UsersListCollectionViewController.swift in Sources */ = {isa = PBXBuildFile; fileRef = 66084474228FF8ED0033EDD7 /* UsersListCollectionViewController.swift */; };
		661A02D2228B517F00DE9273 /* AppDelegate.swift in Sources */ = {isa = PBXBuildFile; fileRef = 661A02D1228B517F00DE9273 /* AppDelegate.swift */; };
		661A02D9228B518200DE9273 /* Assets.xcassets in Resources */ = {isa = PBXBuildFile; fileRef = 661A02D8228B518200DE9273 /* Assets.xcassets */; };
		661A02DC228B518300DE9273 /* LaunchScreen.storyboard in Resources */ = {isa = PBXBuildFile; fileRef = 661A02DA228B518300DE9273 /* LaunchScreen.storyboard */; };
		661A02F2228B518300DE9273 /* RecruitmentTaskUITests.swift in Sources */ = {isa = PBXBuildFile; fileRef = 661A02F1228B518300DE9273 /* RecruitmentTaskUITests.swift */; };
		661A0301228B52E100DE9273 /* User.swift in Sources */ = {isa = PBXBuildFile; fileRef = 661A0300228B52E100DE9273 /* User.swift */; };
		661A0303228B539400DE9273 /* GithubUser.swift in Sources */ = {isa = PBXBuildFile; fileRef = 661A0302228B539400DE9273 /* GithubUser.swift */; };
		661A0305228B53E300DE9273 /* DailyMotionUser.swift in Sources */ = {isa = PBXBuildFile; fileRef = 661A0304228B53E300DE9273 /* DailyMotionUser.swift */; };
		661A0307228B562300DE9273 /* GithubUserTest.swift in Sources */ = {isa = PBXBuildFile; fileRef = 661A0306228B562300DE9273 /* GithubUserTest.swift */; };
		661A030A228B568400DE9273 /* github_users.json in Resources */ = {isa = PBXBuildFile; fileRef = 661A0309228B568400DE9273 /* github_users.json */; };
		661A030D228B58E700DE9273 /* GithubUser.swift in Sources */ = {isa = PBXBuildFile; fileRef = 661A0302228B539400DE9273 /* GithubUser.swift */; };
		661A030E228B58F900DE9273 /* User.swift in Sources */ = {isa = PBXBuildFile; fileRef = 661A0300228B52E100DE9273 /* User.swift */; };
		661A0310228B620C00DE9273 /* DailyMotionUserTest.swift in Sources */ = {isa = PBXBuildFile; fileRef = 661A030F228B620C00DE9273 /* DailyMotionUserTest.swift */; };
		661A0312228B624D00DE9273 /* dailymotion_users.json in Resources */ = {isa = PBXBuildFile; fileRef = 661A0311228B624D00DE9273 /* dailymotion_users.json */; };
		661A0313228B642D00DE9273 /* DailyMotionUser.swift in Sources */ = {isa = PBXBuildFile; fileRef = 661A0304228B53E300DE9273 /* DailyMotionUser.swift */; };
/* End PBXBuildFile section */

/* Begin PBXContainerItemProxy section */
		66084448228E017B0033EDD7 /* PBXContainerItemProxy */ = {
			isa = PBXContainerItemProxy;
			containerPortal = 661A02C6228B517F00DE9273 /* Project object */;
			proxyType = 1;
			remoteGlobalIDString = 661A02CD228B517F00DE9273;
			remoteInfo = RecruitmentTask;
		};
		661A02E3228B518300DE9273 /* PBXContainerItemProxy */ = {
			isa = PBXContainerItemProxy;
			containerPortal = 661A02C6228B517F00DE9273 /* Project object */;
			proxyType = 1;
			remoteGlobalIDString = 661A02CD228B517F00DE9273;
			remoteInfo = RecruitmentTask;
		};
		661A02EE228B518300DE9273 /* PBXContainerItemProxy */ = {
			isa = PBXContainerItemProxy;
			containerPortal = 661A02C6228B517F00DE9273 /* Project object */;
			proxyType = 1;
			remoteGlobalIDString = 661A02CD228B517F00DE9273;
			remoteInfo = RecruitmentTask;
		};
/* End PBXContainerItemProxy section */

/* Begin PBXFileReference section */
		6608442A228C85080033EDD7 /* ApiClient.swift */ = {isa = PBXFileReference; lastKnownFileType = sourcecode.swift; path = ApiClient.swift; sourceTree = "<group>"; };
		6608442C228C86EA0033EDD7 /* GithubUsersApiHandler.swift */ = {isa = PBXFileReference; lastKnownFileType = sourcecode.swift; path = GithubUsersApiHandler.swift; sourceTree = "<group>"; };
		6608442E228C88930033EDD7 /* ApiHandler.swift */ = {isa = PBXFileReference; lastKnownFileType = sourcecode.swift; name = ApiHandler.swift; path = GithubUsersService/ApiHandler.swift; sourceTree = "<group>"; };
		66084430228C91610033EDD7 /* GithubUsersService.swift */ = {isa = PBXFileReference; lastKnownFileType = sourcecode.swift; path = GithubUsersService.swift; sourceTree = "<group>"; };
		66084435228C97D30033EDD7 /* GithubUsersApiHandlerTests.swift */ = {isa = PBXFileReference; lastKnownFileType = sourcecode.swift; path = GithubUsersApiHandlerTests.swift; sourceTree = "<group>"; };
		6608443B228C9A090033EDD7 /* TestHelper.swift */ = {isa = PBXFileReference; lastKnownFileType = sourcecode.swift; path = TestHelper.swift; sourceTree = "<group>"; };
		6608443D228C9BDE0033EDD7 /* github_users_malformed.json */ = {isa = PBXFileReference; fileEncoding = 4; lastKnownFileType = text.json; path = github_users_malformed.json; sourceTree = "<group>"; };
		66084443228E017B0033EDD7 /* RecruitmentTaskIntegrationTests.xctest */ = {isa = PBXFileReference; explicitFileType = wrapper.cfbundle; includeInIndex = 0; path = RecruitmentTaskIntegrationTests.xctest; sourceTree = BUILT_PRODUCTS_DIR; };
		66084445228E017B0033EDD7 /* GithubUsersServiceIntegrationTests.swift */ = {isa = PBXFileReference; lastKnownFileType = sourcecode.swift; path = GithubUsersServiceIntegrationTests.swift; sourceTree = "<group>"; };
		66084447228E017B0033EDD7 /* Info.plist */ = {isa = PBXFileReference; lastKnownFileType = text.plist.xml; path = Info.plist; sourceTree = "<group>"; };
		66084455228E045F0033EDD7 /* DailyMotionUsersApiHandler.swift */ = {isa = PBXFileReference; lastKnownFileType = sourcecode.swift; path = DailyMotionUsersApiHandler.swift; sourceTree = "<group>"; };
		66084459228E04950033EDD7 /* DailyMotionUsersResponse.swift */ = {isa = PBXFileReference; lastKnownFileType = sourcecode.swift; path = DailyMotionUsersResponse.swift; sourceTree = "<group>"; };
		6608445D228E09ED0033EDD7 /* DailyMotionUsersIntegrationTests.swift */ = {isa = PBXFileReference; lastKnownFileType = sourcecode.swift; path = DailyMotionUsersIntegrationTests.swift; sourceTree = "<group>"; };
		6608445F228E0A1A0033EDD7 /* DailyMotionUsersService.swift */ = {isa = PBXFileReference; lastKnownFileType = sourcecode.swift; path = DailyMotionUsersService.swift; sourceTree = "<group>"; };
		66084464228E0F8B0033EDD7 /* DailyMotionUsersApiHandlerTests.swift */ = {isa = PBXFileReference; lastKnownFileType = sourcecode.swift; path = DailyMotionUsersApiHandlerTests.swift; sourceTree = "<group>"; };
		66084466228FF1EA0033EDD7 /* DailyMotionResponseTests.swift */ = {isa = PBXFileReference; lastKnownFileType = sourcecode.swift; path = DailyMotionResponseTests.swift; sourceTree = "<group>"; };
		66084468228FF1FF0033EDD7 /* dailymotion_response.json */ = {isa = PBXFileReference; fileEncoding = 4; lastKnownFileType = text.json; path = dailymotion_response.json; sourceTree = "<group>"; };
		6608446E228FF89D0033EDD7 /* UsersListPresenter.swift */ = {isa = PBXFileReference; lastKnownFileType = sourcecode.swift; path = UsersListPresenter.swift; sourceTree = "<group>"; };
		66084471228FF8AD0033EDD7 /* UsersListView.swift */ = {isa = PBXFileReference; lastKnownFileType = sourcecode.swift; path = UsersListView.swift; sourceTree = "<group>"; };
		66084474228FF8ED0033EDD7 /* UsersListCollectionViewController.swift */ = {isa = PBXFileReference; lastKnownFileType = sourcecode.swift; path = UsersListCollectionViewController.swift; sourceTree = "<group>"; };
		66084477229008D70033EDD7 /* Coordinator.swift */ = {isa = PBXFileReference; lastKnownFileType = sourcecode.swift; path = Coordinator.swift; sourceTree = "<group>"; };
		6608447A229008E50033EDD7 /* ApplicationCoordinator.swift */ = {isa = PBXFileReference; lastKnownFileType = sourcecode.swift; path = ApplicationCoordinator.swift; sourceTree = "<group>"; };
		6608447D229013290033EDD7 /* Default-568h@2x.png */ = {isa = PBXFileReference; lastKnownFileType = image.png; path = "Default-568h@2x.png"; sourceTree = "<group>"; };
		66084482229015F90033EDD7 /* UsersListCollectionViewController.storyboard */ = {isa = PBXFileReference; lastKnownFileType = file.storyboard; path = UsersListCollectionViewController.storyboard; sourceTree = "<group>"; };
		661A02CE228B517F00DE9273 /* RecruitmentTask.app */ = {isa = PBXFileReference; explicitFileType = wrapper.application; includeInIndex = 0; path = RecruitmentTask.app; sourceTree = BUILT_PRODUCTS_DIR; };
		661A02D1228B517F00DE9273 /* AppDelegate.swift */ = {isa = PBXFileReference; lastKnownFileType = sourcecode.swift; path = AppDelegate.swift; sourceTree = "<group>"; };
		661A02D8228B518200DE9273 /* Assets.xcassets */ = {isa = PBXFileReference; lastKnownFileType = folder.assetcatalog; path = Assets.xcassets; sourceTree = "<group>"; };
		661A02DB228B518300DE9273 /* Base */ = {isa = PBXFileReference; lastKnownFileType = file.storyboard; name = Base; path = Base.lproj/LaunchScreen.storyboard; sourceTree = "<group>"; };
		661A02DD228B518300DE9273 /* Info.plist */ = {isa = PBXFileReference; lastKnownFileType = text.plist.xml; path = Info.plist; sourceTree = "<group>"; };
		661A02E2228B518300DE9273 /* RecruitmentTaskTests.xctest */ = {isa = PBXFileReference; explicitFileType = wrapper.cfbundle; includeInIndex = 0; path = RecruitmentTaskTests.xctest; sourceTree = BUILT_PRODUCTS_DIR; };
		661A02E8228B518300DE9273 /* Info.plist */ = {isa = PBXFileReference; lastKnownFileType = text.plist.xml; path = Info.plist; sourceTree = "<group>"; };
		661A02ED228B518300DE9273 /* RecruitmentTaskUITests.xctest */ = {isa = PBXFileReference; explicitFileType = wrapper.cfbundle; includeInIndex = 0; path = RecruitmentTaskUITests.xctest; sourceTree = BUILT_PRODUCTS_DIR; };
		661A02F1228B518300DE9273 /* RecruitmentTaskUITests.swift */ = {isa = PBXFileReference; lastKnownFileType = sourcecode.swift; path = RecruitmentTaskUITests.swift; sourceTree = "<group>"; };
		661A02F3228B518300DE9273 /* Info.plist */ = {isa = PBXFileReference; lastKnownFileType = text.plist.xml; path = Info.plist; sourceTree = "<group>"; };
		661A0300228B52E100DE9273 /* User.swift */ = {isa = PBXFileReference; lastKnownFileType = sourcecode.swift; path = User.swift; sourceTree = "<group>"; };
		661A0302228B539400DE9273 /* GithubUser.swift */ = {isa = PBXFileReference; lastKnownFileType = sourcecode.swift; path = GithubUser.swift; sourceTree = "<group>"; };
		661A0304228B53E300DE9273 /* DailyMotionUser.swift */ = {isa = PBXFileReference; lastKnownFileType = sourcecode.swift; path = DailyMotionUser.swift; sourceTree = "<group>"; };
		661A0306228B562300DE9273 /* GithubUserTest.swift */ = {isa = PBXFileReference; lastKnownFileType = sourcecode.swift; path = GithubUserTest.swift; sourceTree = "<group>"; };
		661A0309228B568400DE9273 /* github_users.json */ = {isa = PBXFileReference; fileEncoding = 4; lastKnownFileType = text.json; path = github_users.json; sourceTree = "<group>"; };
		661A030F228B620C00DE9273 /* DailyMotionUserTest.swift */ = {isa = PBXFileReference; lastKnownFileType = sourcecode.swift; path = DailyMotionUserTest.swift; sourceTree = "<group>"; };
		661A0311228B624D00DE9273 /* dailymotion_users.json */ = {isa = PBXFileReference; fileEncoding = 4; lastKnownFileType = text.json; path = dailymotion_users.json; sourceTree = "<group>"; };
/* End PBXFileReference section */

/* Begin PBXFrameworksBuildPhase section */
		66084440228E017B0033EDD7 /* Frameworks */ = {
			isa = PBXFrameworksBuildPhase;
			buildActionMask = 2147483647;
			files = (
			);
			runOnlyForDeploymentPostprocessing = 0;
		};
		661A02CB228B517F00DE9273 /* Frameworks */ = {
			isa = PBXFrameworksBuildPhase;
			buildActionMask = 2147483647;
			files = (
			);
			runOnlyForDeploymentPostprocessing = 0;
		};
		661A02DF228B518300DE9273 /* Frameworks */ = {
			isa = PBXFrameworksBuildPhase;
			buildActionMask = 2147483647;
			files = (
			);
			runOnlyForDeploymentPostprocessing = 0;
		};
		661A02EA228B518300DE9273 /* Frameworks */ = {
			isa = PBXFrameworksBuildPhase;
			buildActionMask = 2147483647;
			files = (
			);
			runOnlyForDeploymentPostprocessing = 0;
		};
/* End PBXFrameworksBuildPhase section */

/* Begin PBXGroup section */
		66084428228C84120033EDD7 /* GithubUsersService */ = {
			isa = PBXGroup;
			children = (
				6608442C228C86EA0033EDD7 /* GithubUsersApiHandler.swift */,
				66084430228C91610033EDD7 /* GithubUsersService.swift */,
			);
			path = GithubUsersService;
			sourceTree = "<group>";
		};
		66084429228C84420033EDD7 /* NetworkLayer */ = {
			isa = PBXGroup;
			children = (
				661A0314228C83CE00DE9273 /* Services */,
				6608442A228C85080033EDD7 /* ApiClient.swift */,
			);
			path = NetworkLayer;
			sourceTree = "<group>";
		};
		66084432228C978C0033EDD7 /* NetworkLayer */ = {
			isa = PBXGroup;
			children = (
				66084433228C979C0033EDD7 /* Services */,
			);
			path = NetworkLayer;
			sourceTree = "<group>";
		};
		66084433228C979C0033EDD7 /* Services */ = {
			isa = PBXGroup;
			children = (
				66084463228E0F4F0033EDD7 /* DailyMotionUsersService */,
				66084434228C97A50033EDD7 /* GithubUsersService */,
			);
			path = Services;
			sourceTree = "<group>";
		};
		66084434228C97A50033EDD7 /* GithubUsersService */ = {
			isa = PBXGroup;
			children = (
				66084435228C97D30033EDD7 /* GithubUsersApiHandlerTests.swift */,
			);
			path = GithubUsersService;
			sourceTree = "<group>";
		};
		66084444228E017B0033EDD7 /* RecruitmentTaskIntegrationTests */ = {
			isa = PBXGroup;
			children = (
				66084445228E017B0033EDD7 /* GithubUsersServiceIntegrationTests.swift */,
				66084447228E017B0033EDD7 /* Info.plist */,
				6608445D228E09ED0033EDD7 /* DailyMotionUsersIntegrationTests.swift */,
			);
			path = RecruitmentTaskIntegrationTests;
			sourceTree = "<group>";
		};
		66084454228E04380033EDD7 /* DailyMotionUsersService */ = {
			isa = PBXGroup;
			children = (
				66084455228E045F0033EDD7 /* DailyMotionUsersApiHandler.swift */,
				66084459228E04950033EDD7 /* DailyMotionUsersResponse.swift */,
				6608445F228E0A1A0033EDD7 /* DailyMotionUsersService.swift */,
			);
			path = DailyMotionUsersService;
			sourceTree = "<group>";
		};
		66084463228E0F4F0033EDD7 /* DailyMotionUsersService */ = {
			isa = PBXGroup;
			children = (
				66084464228E0F8B0033EDD7 /* DailyMotionUsersApiHandlerTests.swift */,
				66084466228FF1EA0033EDD7 /* DailyMotionResponseTests.swift */,
				66084468228FF1FF0033EDD7 /* dailymotion_response.json */,
			);
			path = DailyMotionUsersService;
			sourceTree = "<group>";
		};
		6608446C228FF86C0033EDD7 /* Views */ = {
			isa = PBXGroup;
			children = (
				6608446D228FF87A0033EDD7 /* UsersList */,
			);
			path = Views;
			sourceTree = "<group>";
		};
		6608446D228FF87A0033EDD7 /* UsersList */ = {
			isa = PBXGroup;
			children = (
				6608446E228FF89D0033EDD7 /* UsersListPresenter.swift */,
				66084471228FF8AD0033EDD7 /* UsersListView.swift */,
				66084474228FF8ED0033EDD7 /* UsersListCollectionViewController.swift */,
				66084482229015F90033EDD7 /* UsersListCollectionViewController.storyboard */,
			);
			path = UsersList;
			sourceTree = "<group>";
		};
		660844762290087C0033EDD7 /* Coordinator */ = {
			isa = PBXGroup;
			children = (
				66084477229008D70033EDD7 /* Coordinator.swift */,
				6608447A229008E50033EDD7 /* ApplicationCoordinator.swift */,
			);
			path = Coordinator;
			sourceTree = "<group>";
		};
		661A02C5228B517F00DE9273 = {
			isa = PBXGroup;
			children = (
				6608447D229013290033EDD7 /* Default-568h@2x.png */,
				661A02D0228B517F00DE9273 /* RecruitmentTask */,
				661A02E5228B518300DE9273 /* RecruitmentTaskTests */,
				661A02F0228B518300DE9273 /* RecruitmentTaskUITests */,
				66084444228E017B0033EDD7 /* RecruitmentTaskIntegrationTests */,
				661A02CF228B517F00DE9273 /* Products */,
			);
			sourceTree = "<group>";
		};
		661A02CF228B517F00DE9273 /* Products */ = {
			isa = PBXGroup;
			children = (
				661A02CE228B517F00DE9273 /* RecruitmentTask.app */,
				661A02E2228B518300DE9273 /* RecruitmentTaskTests.xctest */,
				661A02ED228B518300DE9273 /* RecruitmentTaskUITests.xctest */,
				66084443228E017B0033EDD7 /* RecruitmentTaskIntegrationTests.xctest */,
			);
			name = Products;
			sourceTree = "<group>";
		};
		661A02D0228B517F00DE9273 /* RecruitmentTask */ = {
			isa = PBXGroup;
			children = (
				660844762290087C0033EDD7 /* Coordinator */,
				6608446C228FF86C0033EDD7 /* Views */,
				66084429228C84420033EDD7 /* NetworkLayer */,
				661A02FF228B525900DE9273 /* Models */,
				661A02D1228B517F00DE9273 /* AppDelegate.swift */,
				661A02D8228B518200DE9273 /* Assets.xcassets */,
				661A02DA228B518300DE9273 /* LaunchScreen.storyboard */,
				661A02DD228B518300DE9273 /* Info.plist */,
			);
			path = RecruitmentTask;
			sourceTree = "<group>";
		};
		661A02E5228B518300DE9273 /* RecruitmentTaskTests */ = {
			isa = PBXGroup;
			children = (
				66084432228C978C0033EDD7 /* NetworkLayer */,
				661A0308228B566400DE9273 /* Models */,
				661A02E8228B518300DE9273 /* Info.plist */,
				6608443B228C9A090033EDD7 /* TestHelper.swift */,
			);
			path = RecruitmentTaskTests;
			sourceTree = "<group>";
		};
		661A02F0228B518300DE9273 /* RecruitmentTaskUITests */ = {
			isa = PBXGroup;
			children = (
				661A02F1228B518300DE9273 /* RecruitmentTaskUITests.swift */,
				661A02F3228B518300DE9273 /* Info.plist */,
			);
			path = RecruitmentTaskUITests;
			sourceTree = "<group>";
		};
		661A02FF228B525900DE9273 /* Models */ = {
			isa = PBXGroup;
			children = (
				661A0300228B52E100DE9273 /* User.swift */,
				661A0302228B539400DE9273 /* GithubUser.swift */,
				661A0304228B53E300DE9273 /* DailyMotionUser.swift */,
			);
			path = Models;
			sourceTree = "<group>";
		};
		661A0308228B566400DE9273 /* Models */ = {
			isa = PBXGroup;
			children = (
				6608443D228C9BDE0033EDD7 /* github_users_malformed.json */,
				661A0309228B568400DE9273 /* github_users.json */,
				661A0306228B562300DE9273 /* GithubUserTest.swift */,
				661A0311228B624D00DE9273 /* dailymotion_users.json */,
				661A030F228B620C00DE9273 /* DailyMotionUserTest.swift */,
			);
			path = Models;
			sourceTree = "<group>";
		};
		661A0314228C83CE00DE9273 /* Services */ = {
			isa = PBXGroup;
			children = (
				66084454228E04380033EDD7 /* DailyMotionUsersService */,
				66084428228C84120033EDD7 /* GithubUsersService */,
				6608442E228C88930033EDD7 /* ApiHandler.swift */,
			);
			path = Services;
			sourceTree = "<group>";
		};
/* End PBXGroup section */

/* Begin PBXNativeTarget section */
		66084442228E017B0033EDD7 /* RecruitmentTaskIntegrationTests */ = {
			isa = PBXNativeTarget;
			buildConfigurationList = 6608444A228E017B0033EDD7 /* Build configuration list for PBXNativeTarget "RecruitmentTaskIntegrationTests" */;
			buildPhases = (
				6608443F228E017B0033EDD7 /* Sources */,
				66084440228E017B0033EDD7 /* Frameworks */,
				66084441228E017B0033EDD7 /* Resources */,
			);
			buildRules = (
			);
			dependencies = (
				66084449228E017B0033EDD7 /* PBXTargetDependency */,
			);
			name = RecruitmentTaskIntegrationTests;
			productName = RecruitmentTaskIntegrationTests;
			productReference = 66084443228E017B0033EDD7 /* RecruitmentTaskIntegrationTests.xctest */;
			productType = "com.apple.product-type.bundle.unit-test";
		};
		661A02CD228B517F00DE9273 /* RecruitmentTask */ = {
			isa = PBXNativeTarget;
			buildConfigurationList = 661A02F6228B518300DE9273 /* Build configuration list for PBXNativeTarget "RecruitmentTask" */;
			buildPhases = (
				661A02CA228B517F00DE9273 /* Sources */,
				661A02CB228B517F00DE9273 /* Frameworks */,
				661A02CC228B517F00DE9273 /* Resources */,
			);
			buildRules = (
			);
			dependencies = (
			);
			name = RecruitmentTask;
			productName = RecruitmentTask;
			productReference = 661A02CE228B517F00DE9273 /* RecruitmentTask.app */;
			productType = "com.apple.product-type.application";
		};
		661A02E1228B518300DE9273 /* RecruitmentTaskTests */ = {
			isa = PBXNativeTarget;
			buildConfigurationList = 661A02F9228B518300DE9273 /* Build configuration list for PBXNativeTarget "RecruitmentTaskTests" */;
			buildPhases = (
				661A02DE228B518300DE9273 /* Sources */,
				661A02DF228B518300DE9273 /* Frameworks */,
				661A02E0228B518300DE9273 /* Resources */,
			);
			buildRules = (
			);
			dependencies = (
				661A02E4228B518300DE9273 /* PBXTargetDependency */,
			);
			name = RecruitmentTaskTests;
			productName = RecruitmentTaskTests;
			productReference = 661A02E2228B518300DE9273 /* RecruitmentTaskTests.xctest */;
			productType = "com.apple.product-type.bundle.unit-test";
		};
		661A02EC228B518300DE9273 /* RecruitmentTaskUITests */ = {
			isa = PBXNativeTarget;
			buildConfigurationList = 661A02FC228B518300DE9273 /* Build configuration list for PBXNativeTarget "RecruitmentTaskUITests" */;
			buildPhases = (
				661A02E9228B518300DE9273 /* Sources */,
				661A02EA228B518300DE9273 /* Frameworks */,
				661A02EB228B518300DE9273 /* Resources */,
			);
			buildRules = (
			);
			dependencies = (
				661A02EF228B518300DE9273 /* PBXTargetDependency */,
			);
			name = RecruitmentTaskUITests;
			productName = RecruitmentTaskUITests;
			productReference = 661A02ED228B518300DE9273 /* RecruitmentTaskUITests.xctest */;
			productType = "com.apple.product-type.bundle.ui-testing";
		};
/* End PBXNativeTarget section */

/* Begin PBXProject section */
		661A02C6228B517F00DE9273 /* Project object */ = {
			isa = PBXProject;
			attributes = {
				LastSwiftUpdateCheck = 1020;
				LastUpgradeCheck = 1020;
				ORGANIZATIONNAME = "Adam Kędzia";
				TargetAttributes = {
					66084442228E017B0033EDD7 = {
						CreatedOnToolsVersion = 10.2.1;
						TestTargetID = 661A02CD228B517F00DE9273;
					};
					661A02CD228B517F00DE9273 = {
						CreatedOnToolsVersion = 10.2.1;
					};
					661A02E1228B518300DE9273 = {
						CreatedOnToolsVersion = 10.2.1;
						LastSwiftMigration = 1020;
						TestTargetID = 661A02CD228B517F00DE9273;
					};
					661A02EC228B518300DE9273 = {
						CreatedOnToolsVersion = 10.2.1;
						TestTargetID = 661A02CD228B517F00DE9273;
					};
				};
			};
			buildConfigurationList = 661A02C9228B517F00DE9273 /* Build configuration list for PBXProject "RecruitmentTask" */;
			compatibilityVersion = "Xcode 9.3";
			developmentRegion = en;
			hasScannedForEncodings = 0;
			knownRegions = (
				en,
				Base,
			);
			mainGroup = 661A02C5228B517F00DE9273;
			productRefGroup = 661A02CF228B517F00DE9273 /* Products */;
			projectDirPath = "";
			projectRoot = "";
			targets = (
				661A02CD228B517F00DE9273 /* RecruitmentTask */,
				661A02E1228B518300DE9273 /* RecruitmentTaskTests */,
				661A02EC228B518300DE9273 /* RecruitmentTaskUITests */,
				66084442228E017B0033EDD7 /* RecruitmentTaskIntegrationTests */,
			);
		};
/* End PBXProject section */

/* Begin PBXResourcesBuildPhase section */
		66084441228E017B0033EDD7 /* Resources */ = {
			isa = PBXResourcesBuildPhase;
			buildActionMask = 2147483647;
			files = (
				6608446B228FF1FF0033EDD7 /* dailymotion_response.json in Resources */,
			);
			runOnlyForDeploymentPostprocessing = 0;
		};
		661A02CC228B517F00DE9273 /* Resources */ = {
			isa = PBXResourcesBuildPhase;
			buildActionMask = 2147483647;
			files = (
				66084469228FF1FF0033EDD7 /* dailymotion_response.json in Resources */,
				6608447E229013290033EDD7 /* Default-568h@2x.png in Resources */,
				66084483229015F90033EDD7 /* UsersListCollectionViewController.storyboard in Resources */,
				661A02DC228B518300DE9273 /* LaunchScreen.storyboard in Resources */,
				661A02D9228B518200DE9273 /* Assets.xcassets in Resources */,
			);
			runOnlyForDeploymentPostprocessing = 0;
		};
		661A02E0228B518300DE9273 /* Resources */ = {
			isa = PBXResourcesBuildPhase;
			buildActionMask = 2147483647;
			files = (
				6608446A228FF1FF0033EDD7 /* dailymotion_response.json in Resources */,
				6608443E228C9BDE0033EDD7 /* github_users_malformed.json in Resources */,
				66084484229015F90033EDD7 /* UsersListCollectionViewController.storyboard in Resources */,
				661A0312228B624D00DE9273 /* dailymotion_users.json in Resources */,
				661A030A228B568400DE9273 /* github_users.json in Resources */,
			);
			runOnlyForDeploymentPostprocessing = 0;
		};
		661A02EB228B518300DE9273 /* Resources */ = {
			isa = PBXResourcesBuildPhase;
			buildActionMask = 2147483647;
			files = (
			);
			runOnlyForDeploymentPostprocessing = 0;
		};
/* End PBXResourcesBuildPhase section */

/* Begin PBXSourcesBuildPhase section */
		6608443F228E017B0033EDD7 /* Sources */ = {
			isa = PBXSourcesBuildPhase;
			buildActionMask = 2147483647;
			files = (
				66084453228E01A00033EDD7 /* DailyMotionUser.swift in Sources */,
				6608445C228E04950033EDD7 /* DailyMotionUsersResponse.swift in Sources */,
				6608445E228E09ED0033EDD7 /* DailyMotionUsersIntegrationTests.swift in Sources */,
				66084446228E017B0033EDD7 /* GithubUsersServiceIntegrationTests.swift in Sources */,
				66084462228E0A1A0033EDD7 /* DailyMotionUsersService.swift in Sources */,
				66084451228E01990033EDD7 /* GithubUser.swift in Sources */,
				6608444E228E018B0033EDD7 /* GithubUsersService.swift in Sources */,
				6608444D228E01870033EDD7 /* GithubUsersApiHandler.swift in Sources */,
				6608444F228E018E0033EDD7 /* ApiHandler.swift in Sources */,
				66084458228E045F0033EDD7 /* DailyMotionUsersApiHandler.swift in Sources */,
				66084450228E01910033EDD7 /* ApiClient.swift in Sources */,
				66084452228E019B0033EDD7 /* User.swift in Sources */,
			);
			runOnlyForDeploymentPostprocessing = 0;
		};
		661A02CA228B517F00DE9273 /* Sources */ = {
			isa = PBXSourcesBuildPhase;
			buildActionMask = 2147483647;
			files = (
				6608447B229008E50033EDD7 /* ApplicationCoordinator.swift in Sources */,
				66084478229008D70033EDD7 /* Coordinator.swift in Sources */,
				661A0305228B53E300DE9273 /* DailyMotionUser.swift in Sources */,
				66084456228E045F0033EDD7 /* DailyMotionUsersApiHandler.swift in Sources */,
				661A0301228B52E100DE9273 /* User.swift in Sources */,
				66084460228E0A1A0033EDD7 /* DailyMotionUsersService.swift in Sources */,
				661A02D2228B517F00DE9273 /* AppDelegate.swift in Sources */,
				661A0303228B539400DE9273 /* GithubUser.swift in Sources */,
				6608445A228E04950033EDD7 /* DailyMotionUsersResponse.swift in Sources */,
				6608442F228C88930033EDD7 /* ApiHandler.swift in Sources */,
				6608442D228C86EA0033EDD7 /* GithubUsersApiHandler.swift in Sources */,
				66084475228FF8ED0033EDD7 /* UsersListCollectionViewController.swift in Sources */,
				66084431228C91610033EDD7 /* GithubUsersService.swift in Sources */,
				6608442B228C85080033EDD7 /* ApiClient.swift in Sources */,
				6608446F228FF89D0033EDD7 /* UsersListPresenter.swift in Sources */,
				66084472228FF8AD0033EDD7 /* UsersListView.swift in Sources */,
			);
			runOnlyForDeploymentPostprocessing = 0;
		};
		661A02DE228B518300DE9273 /* Sources */ = {
			isa = PBXSourcesBuildPhase;
			buildActionMask = 2147483647;
			files = (
				66084437228C97D90033EDD7 /* GithubUsersApiHandler.swift in Sources */,
				6608448522901D910033EDD7 /* UsersListCollectionViewController.swift in Sources */,
				66084473228FF8AD0033EDD7 /* UsersListView.swift in Sources */,
				66084465228E0F8B0033EDD7 /* DailyMotionUsersApiHandlerTests.swift in Sources */,
				66084438228C97DD0033EDD7 /* GithubUsersService.swift in Sources */,
				661A0310228B620C00DE9273 /* DailyMotionUserTest.swift in Sources */,
				66084467228FF1EA0033EDD7 /* DailyMotionResponseTests.swift in Sources */,
				66084479229008D70033EDD7 /* Coordinator.swift in Sources */,
				66084457228E045F0033EDD7 /* DailyMotionUsersApiHandler.swift in Sources */,
				661A0307228B562300DE9273 /* GithubUserTest.swift in Sources */,
				66084470228FF89D0033EDD7 /* UsersListPresenter.swift in Sources */,
				6608443C228C9A090033EDD7 /* TestHelper.swift in Sources */,
				66084439228C97E20033EDD7 /* ApiHandler.swift in Sources */,
				66084436228C97D30033EDD7 /* GithubUsersApiHandlerTests.swift in Sources */,
				661A030D228B58E700DE9273 /* GithubUser.swift in Sources */,
				661A0313228B642D00DE9273 /* DailyMotionUser.swift in Sources */,
				6608447C229008E50033EDD7 /* ApplicationCoordinator.swift in Sources */,
				661A030E228B58F900DE9273 /* User.swift in Sources */,
				6608445B228E04950033EDD7 /* DailyMotionUsersResponse.swift in Sources */,
				66084461228E0A1A0033EDD7 /* DailyMotionUsersService.swift in Sources */,
				6608443A228C97E50033EDD7 /* ApiClient.swift in Sources */,
			);
			runOnlyForDeploymentPostprocessing = 0;
		};
		661A02E9228B518300DE9273 /* Sources */ = {
			isa = PBXSourcesBuildPhase;
			buildActionMask = 2147483647;
			files = (
				661A02F2228B518300DE9273 /* RecruitmentTaskUITests.swift in Sources */,
			);
			runOnlyForDeploymentPostprocessing = 0;
		};
/* End PBXSourcesBuildPhase section */

/* Begin PBXTargetDependency section */
		66084449228E017B0033EDD7 /* PBXTargetDependency */ = {
			isa = PBXTargetDependency;
			target = 661A02CD228B517F00DE9273 /* RecruitmentTask */;
			targetProxy = 66084448228E017B0033EDD7 /* PBXContainerItemProxy */;
		};
		661A02E4228B518300DE9273 /* PBXTargetDependency */ = {
			isa = PBXTargetDependency;
			target = 661A02CD228B517F00DE9273 /* RecruitmentTask */;
			targetProxy = 661A02E3228B518300DE9273 /* PBXContainerItemProxy */;
		};
		661A02EF228B518300DE9273 /* PBXTargetDependency */ = {
			isa = PBXTargetDependency;
			target = 661A02CD228B517F00DE9273 /* RecruitmentTask */;
			targetProxy = 661A02EE228B518300DE9273 /* PBXContainerItemProxy */;
		};
/* End PBXTargetDependency section */

/* Begin PBXVariantGroup section */
		661A02DA228B518300DE9273 /* LaunchScreen.storyboard */ = {
			isa = PBXVariantGroup;
			children = (
				661A02DB228B518300DE9273 /* Base */,
			);
			name = LaunchScreen.storyboard;
			sourceTree = "<group>";
		};
/* End PBXVariantGroup section */

/* Begin XCBuildConfiguration section */
		6608444B228E017B0033EDD7 /* Debug */ = {
			isa = XCBuildConfiguration;
			buildSettings = {
				BUNDLE_LOADER = "$(TEST_HOST)";
				CODE_SIGN_STYLE = Automatic;
				DEVELOPMENT_TEAM = X73ZFY2V4U;
				INFOPLIST_FILE = RecruitmentTaskIntegrationTests/Info.plist;
				LD_RUNPATH_SEARCH_PATHS = (
					"$(inherited)",
					"@executable_path/Frameworks",
					"@loader_path/Frameworks",
				);
				PRODUCT_BUNDLE_IDENTIFIER = kedzia.adam.RecruitmentTaskIntegrationTests;
				PRODUCT_NAME = "$(TARGET_NAME)";
				SWIFT_VERSION = 5.0;
				TARGETED_DEVICE_FAMILY = "1,2";
				TEST_HOST = "$(BUILT_PRODUCTS_DIR)/RecruitmentTask.app/RecruitmentTask";
			};
			name = Debug;
		};
		6608444C228E017B0033EDD7 /* Release */ = {
			isa = XCBuildConfiguration;
			buildSettings = {
				BUNDLE_LOADER = "$(TEST_HOST)";
				CODE_SIGN_STYLE = Automatic;
				DEVELOPMENT_TEAM = X73ZFY2V4U;
				INFOPLIST_FILE = RecruitmentTaskIntegrationTests/Info.plist;
				LD_RUNPATH_SEARCH_PATHS = (
					"$(inherited)",
					"@executable_path/Frameworks",
					"@loader_path/Frameworks",
				);
				PRODUCT_BUNDLE_IDENTIFIER = kedzia.adam.RecruitmentTaskIntegrationTests;
				PRODUCT_NAME = "$(TARGET_NAME)";
				SWIFT_VERSION = 5.0;
				TARGETED_DEVICE_FAMILY = "1,2";
				TEST_HOST = "$(BUILT_PRODUCTS_DIR)/RecruitmentTask.app/RecruitmentTask";
			};
			name = Release;
		};
		661A02F4228B518300DE9273 /* Debug */ = {
			isa = XCBuildConfiguration;
			buildSettings = {
				ALWAYS_SEARCH_USER_PATHS = NO;
				CLANG_ANALYZER_NONNULL = YES;
				CLANG_ANALYZER_NUMBER_OBJECT_CONVERSION = YES_AGGRESSIVE;
				CLANG_CXX_LANGUAGE_STANDARD = "gnu++14";
				CLANG_CXX_LIBRARY = "libc++";
				CLANG_ENABLE_MODULES = YES;
				CLANG_ENABLE_OBJC_ARC = YES;
				CLANG_ENABLE_OBJC_WEAK = YES;
				CLANG_WARN_BLOCK_CAPTURE_AUTORELEASING = YES;
				CLANG_WARN_BOOL_CONVERSION = YES;
				CLANG_WARN_COMMA = YES;
				CLANG_WARN_CONSTANT_CONVERSION = YES;
				CLANG_WARN_DEPRECATED_OBJC_IMPLEMENTATIONS = YES;
				CLANG_WARN_DIRECT_OBJC_ISA_USAGE = YES_ERROR;
				CLANG_WARN_DOCUMENTATION_COMMENTS = YES;
				CLANG_WARN_EMPTY_BODY = YES;
				CLANG_WARN_ENUM_CONVERSION = YES;
				CLANG_WARN_INFINITE_RECURSION = YES;
				CLANG_WARN_INT_CONVERSION = YES;
				CLANG_WARN_NON_LITERAL_NULL_CONVERSION = YES;
				CLANG_WARN_OBJC_IMPLICIT_RETAIN_SELF = YES;
				CLANG_WARN_OBJC_LITERAL_CONVERSION = YES;
				CLANG_WARN_OBJC_ROOT_CLASS = YES_ERROR;
				CLANG_WARN_RANGE_LOOP_ANALYSIS = YES;
				CLANG_WARN_STRICT_PROTOTYPES = YES;
				CLANG_WARN_SUSPICIOUS_MOVE = YES;
				CLANG_WARN_UNGUARDED_AVAILABILITY = YES_AGGRESSIVE;
				CLANG_WARN_UNREACHABLE_CODE = YES;
				CLANG_WARN__DUPLICATE_METHOD_MATCH = YES;
				CODE_SIGN_IDENTITY = "iPhone Developer";
				COPY_PHASE_STRIP = NO;
				DEBUG_INFORMATION_FORMAT = dwarf;
				ENABLE_STRICT_OBJC_MSGSEND = YES;
				ENABLE_TESTABILITY = YES;
				GCC_C_LANGUAGE_STANDARD = gnu11;
				GCC_DYNAMIC_NO_PIC = NO;
				GCC_NO_COMMON_BLOCKS = YES;
				GCC_OPTIMIZATION_LEVEL = 0;
				GCC_PREPROCESSOR_DEFINITIONS = (
					"DEBUG=1",
					"$(inherited)",
				);
				GCC_WARN_64_TO_32_BIT_CONVERSION = YES;
				GCC_WARN_ABOUT_RETURN_TYPE = YES_ERROR;
				GCC_WARN_UNDECLARED_SELECTOR = YES;
				GCC_WARN_UNINITIALIZED_AUTOS = YES_AGGRESSIVE;
				GCC_WARN_UNUSED_FUNCTION = YES;
				GCC_WARN_UNUSED_VARIABLE = YES;
				IPHONEOS_DEPLOYMENT_TARGET = 12.2;
				MTL_ENABLE_DEBUG_INFO = INCLUDE_SOURCE;
				MTL_FAST_MATH = YES;
				ONLY_ACTIVE_ARCH = YES;
				SDKROOT = iphoneos;
				SWIFT_ACTIVE_COMPILATION_CONDITIONS = DEBUG;
				SWIFT_OPTIMIZATION_LEVEL = "-Onone";
			};
			name = Debug;
		};
		661A02F5228B518300DE9273 /* Release */ = {
			isa = XCBuildConfiguration;
			buildSettings = {
				ALWAYS_SEARCH_USER_PATHS = NO;
				CLANG_ANALYZER_NONNULL = YES;
				CLANG_ANALYZER_NUMBER_OBJECT_CONVERSION = YES_AGGRESSIVE;
				CLANG_CXX_LANGUAGE_STANDARD = "gnu++14";
				CLANG_CXX_LIBRARY = "libc++";
				CLANG_ENABLE_MODULES = YES;
				CLANG_ENABLE_OBJC_ARC = YES;
				CLANG_ENABLE_OBJC_WEAK = YES;
				CLANG_WARN_BLOCK_CAPTURE_AUTORELEASING = YES;
				CLANG_WARN_BOOL_CONVERSION = YES;
				CLANG_WARN_COMMA = YES;
				CLANG_WARN_CONSTANT_CONVERSION = YES;
				CLANG_WARN_DEPRECATED_OBJC_IMPLEMENTATIONS = YES;
				CLANG_WARN_DIRECT_OBJC_ISA_USAGE = YES_ERROR;
				CLANG_WARN_DOCUMENTATION_COMMENTS = YES;
				CLANG_WARN_EMPTY_BODY = YES;
				CLANG_WARN_ENUM_CONVERSION = YES;
				CLANG_WARN_INFINITE_RECURSION = YES;
				CLANG_WARN_INT_CONVERSION = YES;
				CLANG_WARN_NON_LITERAL_NULL_CONVERSION = YES;
				CLANG_WARN_OBJC_IMPLICIT_RETAIN_SELF = YES;
				CLANG_WARN_OBJC_LITERAL_CONVERSION = YES;
				CLANG_WARN_OBJC_ROOT_CLASS = YES_ERROR;
				CLANG_WARN_RANGE_LOOP_ANALYSIS = YES;
				CLANG_WARN_STRICT_PROTOTYPES = YES;
				CLANG_WARN_SUSPICIOUS_MOVE = YES;
				CLANG_WARN_UNGUARDED_AVAILABILITY = YES_AGGRESSIVE;
				CLANG_WARN_UNREACHABLE_CODE = YES;
				CLANG_WARN__DUPLICATE_METHOD_MATCH = YES;
				CODE_SIGN_IDENTITY = "iPhone Developer";
				COPY_PHASE_STRIP = NO;
				DEBUG_INFORMATION_FORMAT = "dwarf-with-dsym";
				ENABLE_NS_ASSERTIONS = NO;
				ENABLE_STRICT_OBJC_MSGSEND = YES;
				GCC_C_LANGUAGE_STANDARD = gnu11;
				GCC_NO_COMMON_BLOCKS = YES;
				GCC_WARN_64_TO_32_BIT_CONVERSION = YES;
				GCC_WARN_ABOUT_RETURN_TYPE = YES_ERROR;
				GCC_WARN_UNDECLARED_SELECTOR = YES;
				GCC_WARN_UNINITIALIZED_AUTOS = YES_AGGRESSIVE;
				GCC_WARN_UNUSED_FUNCTION = YES;
				GCC_WARN_UNUSED_VARIABLE = YES;
				IPHONEOS_DEPLOYMENT_TARGET = 12.2;
				MTL_ENABLE_DEBUG_INFO = NO;
				MTL_FAST_MATH = YES;
				SDKROOT = iphoneos;
				SWIFT_COMPILATION_MODE = wholemodule;
				SWIFT_OPTIMIZATION_LEVEL = "-O";
				VALIDATE_PRODUCT = YES;
			};
			name = Release;
		};
		661A02F7228B518300DE9273 /* Debug */ = {
			isa = XCBuildConfiguration;
			buildSettings = {
				ASSETCATALOG_COMPILER_APPICON_NAME = AppIcon;
				CODE_SIGN_STYLE = Automatic;
				DEVELOPMENT_TEAM = X73ZFY2V4U;
				INFOPLIST_FILE = RecruitmentTask/Info.plist;
				LD_RUNPATH_SEARCH_PATHS = (
					"$(inherited)",
					"@executable_path/Frameworks",
				);
				PRODUCT_BUNDLE_IDENTIFIER = kedzia.adam.RecruitmentTask;
				PRODUCT_NAME = "$(TARGET_NAME)";
				SWIFT_VERSION = 5.0;
				TARGETED_DEVICE_FAMILY = "1,2";
			};
			name = Debug;
		};
		661A02F8228B518300DE9273 /* Release */ = {
			isa = XCBuildConfiguration;
			buildSettings = {
				ASSETCATALOG_COMPILER_APPICON_NAME = AppIcon;
				CODE_SIGN_STYLE = Automatic;
				DEVELOPMENT_TEAM = X73ZFY2V4U;
				INFOPLIST_FILE = RecruitmentTask/Info.plist;
				LD_RUNPATH_SEARCH_PATHS = (
					"$(inherited)",
					"@executable_path/Frameworks",
				);
				PRODUCT_BUNDLE_IDENTIFIER = kedzia.adam.RecruitmentTask;
				PRODUCT_NAME = "$(TARGET_NAME)";
				SWIFT_VERSION = 5.0;
				TARGETED_DEVICE_FAMILY = "1,2";
			};
			name = Release;
		};
		661A02FA228B518300DE9273 /* Debug */ = {
			isa = XCBuildConfiguration;
			buildSettings = {
				ALWAYS_EMBED_SWIFT_STANDARD_LIBRARIES = YES;
				BUNDLE_LOADER = "$(TEST_HOST)";
				CLANG_ENABLE_MODULES = YES;
				CODE_SIGN_STYLE = Automatic;
				DEVELOPMENT_TEAM = X73ZFY2V4U;
				INFOPLIST_FILE = RecruitmentTaskTests/Info.plist;
				LD_RUNPATH_SEARCH_PATHS = (
					"$(inherited)",
					"@executable_path/Frameworks",
					"@loader_path/Frameworks",
				);
				PRODUCT_BUNDLE_IDENTIFIER = kedzia.adam.RecruitmentTaskTests;
				PRODUCT_NAME = "$(TARGET_NAME)";
				SWIFT_OPTIMIZATION_LEVEL = "-Onone";
				SWIFT_VERSION = 5.0;
				TARGETED_DEVICE_FAMILY = "1,2";
				TEST_HOST = "$(BUILT_PRODUCTS_DIR)/RecruitmentTask.app/RecruitmentTask";
			};
			name = Debug;
		};
		661A02FB228B518300DE9273 /* Release */ = {
			isa = XCBuildConfiguration;
			buildSettings = {
				ALWAYS_EMBED_SWIFT_STANDARD_LIBRARIES = YES;
				BUNDLE_LOADER = "$(TEST_HOST)";
				CLANG_ENABLE_MODULES = YES;
				CODE_SIGN_STYLE = Automatic;
				DEVELOPMENT_TEAM = X73ZFY2V4U;
				INFOPLIST_FILE = RecruitmentTaskTests/Info.plist;
				LD_RUNPATH_SEARCH_PATHS = (
					"$(inherited)",
					"@executable_path/Frameworks",
					"@loader_path/Frameworks",
				);
				PRODUCT_BUNDLE_IDENTIFIER = kedzia.adam.RecruitmentTaskTests;
				PRODUCT_NAME = "$(TARGET_NAME)";
				SWIFT_VERSION = 5.0;
				TARGETED_DEVICE_FAMILY = "1,2";
				TEST_HOST = "$(BUILT_PRODUCTS_DIR)/RecruitmentTask.app/RecruitmentTask";
			};
			name = Release;
		};
		661A02FD228B518300DE9273 /* Debug */ = {
			isa = XCBuildConfiguration;
			buildSettings = {
				ALWAYS_EMBED_SWIFT_STANDARD_LIBRARIES = YES;
				CODE_SIGN_STYLE = Automatic;
				DEVELOPMENT_TEAM = X73ZFY2V4U;
				INFOPLIST_FILE = RecruitmentTaskUITests/Info.plist;
				LD_RUNPATH_SEARCH_PATHS = (
					"$(inherited)",
					"@executable_path/Frameworks",
					"@loader_path/Frameworks",
				);
				PRODUCT_BUNDLE_IDENTIFIER = kedzia.adam.RecruitmentTaskUITests;
				PRODUCT_NAME = "$(TARGET_NAME)";
				SWIFT_VERSION = 5.0;
				TARGETED_DEVICE_FAMILY = "1,2";
				TEST_TARGET_NAME = RecruitmentTask;
			};
			name = Debug;
		};
		661A02FE228B518300DE9273 /* Release */ = {
			isa = XCBuildConfiguration;
			buildSettings = {
				ALWAYS_EMBED_SWIFT_STANDARD_LIBRARIES = YES;
				CODE_SIGN_STYLE = Automatic;
				DEVELOPMENT_TEAM = X73ZFY2V4U;
				INFOPLIST_FILE = RecruitmentTaskUITests/Info.plist;
				LD_RUNPATH_SEARCH_PATHS = (
					"$(inherited)",
					"@executable_path/Frameworks",
					"@loader_path/Frameworks",
				);
				PRODUCT_BUNDLE_IDENTIFIER = kedzia.adam.RecruitmentTaskUITests;
				PRODUCT_NAME = "$(TARGET_NAME)";
				SWIFT_VERSION = 5.0;
				TARGETED_DEVICE_FAMILY = "1,2";
				TEST_TARGET_NAME = RecruitmentTask;
			};
			name = Release;
		};
/* End XCBuildConfiguration section */

/* Begin XCConfigurationList section */
		6608444A228E017B0033EDD7 /* Build configuration list for PBXNativeTarget "RecruitmentTaskIntegrationTests" */ = {
			isa = XCConfigurationList;
			buildConfigurations = (
				6608444B228E017B0033EDD7 /* Debug */,
				6608444C228E017B0033EDD7 /* Release */,
			);
			defaultConfigurationIsVisible = 0;
			defaultConfigurationName = Release;
		};
		661A02C9228B517F00DE9273 /* Build configuration list for PBXProject "RecruitmentTask" */ = {
			isa = XCConfigurationList;
			buildConfigurations = (
				661A02F4228B518300DE9273 /* Debug */,
				661A02F5228B518300DE9273 /* Release */,
			);
			defaultConfigurationIsVisible = 0;
			defaultConfigurationName = Release;
		};
		661A02F6228B518300DE9273 /* Build configuration list for PBXNativeTarget "RecruitmentTask" */ = {
			isa = XCConfigurationList;
			buildConfigurations = (
				661A02F7228B518300DE9273 /* Debug */,
				661A02F8228B518300DE9273 /* Release */,
			);
			defaultConfigurationIsVisible = 0;
			defaultConfigurationName = Release;
		};
		661A02F9228B518300DE9273 /* Build configuration list for PBXNativeTarget "RecruitmentTaskTests" */ = {
			isa = XCConfigurationList;
			buildConfigurations = (
				661A02FA228B518300DE9273 /* Debug */,
				661A02FB228B518300DE9273 /* Release */,
			);
			defaultConfigurationIsVisible = 0;
			defaultConfigurationName = Release;
		};
		661A02FC228B518300DE9273 /* Build configuration list for PBXNativeTarget "RecruitmentTaskUITests" */ = {
			isa = XCConfigurationList;
			buildConfigurations = (
				661A02FD228B518300DE9273 /* Debug */,
				661A02FE228B518300DE9273 /* Release */,
			);
			defaultConfigurationIsVisible = 0;
			defaultConfigurationName = Release;
		};
/* End XCConfigurationList section */
	};
	rootObject = 661A02C6228B517F00DE9273 /* Project object */;
}
